// !$*UTF8*$!
{
	archiveVersion = 1;
	classes = {
	};
	objectVersion = 51;
	objects = {

/* Begin PBXBuildFile section */
		C977124521DE9A14C3F0E00C /* Pods_monastagram.framework in Frameworks */ = {isa = PBXBuildFile; fileRef = 03044F12685B8D2F5BBFC609 /* Pods_monastagram.framework */; };
		FD6DE1CB25E1EEFD00481946 /* TabBarController.swift in Sources */ = {isa = PBXBuildFile; fileRef = FD6DE1CA25E1EEFD00481946 /* TabBarController.swift */; };
		FD6DE1CE25E1F46F00481946 /* GoogleService-Info.plist in Resources */ = {isa = PBXBuildFile; fileRef = FD6DE1CD25E1F46F00481946 /* GoogleService-Info.plist */; };
		FD6DE21D25E21D3000481946 /* Const.swift in Sources */ = {isa = PBXBuildFile; fileRef = FD6DE21C25E21D3000481946 /* Const.swift */; };
		FD6DE22025E21FAB00481946 /* PostDate.swift in Sources */ = {isa = PBXBuildFile; fileRef = FD6DE21F25E21FAB00481946 /* PostDate.swift */; };
		FD6DE22325E2204C00481946 /* PostTableViewCell.xib in Resources */ = {isa = PBXBuildFile; fileRef = FD6DE22225E2204C00481946 /* PostTableViewCell.xib */; };
		FD6DE22625E2207700481946 /* PostTableViewCell.swift in Sources */ = {isa = PBXBuildFile; fileRef = FD6DE22525E2207700481946 /* PostTableViewCell.swift */; };
		FD6DE22D25E226CA00481946 /* MessageViewController.swift in Sources */ = {isa = PBXBuildFile; fileRef = FD6DE22C25E226CA00481946 /* MessageViewController.swift */; };
		FDBA4D3D25E1E2FF0050CD08 /* AppDelegate.swift in Sources */ = {isa = PBXBuildFile; fileRef = FDBA4D3C25E1E2FF0050CD08 /* AppDelegate.swift */; };
		FDBA4D3F25E1E2FF0050CD08 /* SceneDelegate.swift in Sources */ = {isa = PBXBuildFile; fileRef = FDBA4D3E25E1E2FF0050CD08 /* SceneDelegate.swift */; };
		FDBA4D4425E1E2FF0050CD08 /* Main.storyboard in Resources */ = {isa = PBXBuildFile; fileRef = FDBA4D4225E1E2FF0050CD08 /* Main.storyboard */; };
		FDBA4D4625E1E2FF0050CD08 /* Assets.xcassets in Resources */ = {isa = PBXBuildFile; fileRef = FDBA4D4525E1E2FF0050CD08 /* Assets.xcassets */; };
		FDBA4D4925E1E2FF0050CD08 /* LaunchScreen.storyboard in Resources */ = {isa = PBXBuildFile; fileRef = FDBA4D4725E1E2FF0050CD08 /* LaunchScreen.storyboard */; };
		FDBA4D5425E1E4A90050CD08 /* LoginViewController.swift in Sources */ = {isa = PBXBuildFile; fileRef = FDBA4D5325E1E4A90050CD08 /* LoginViewController.swift */; };
		FDBA4D5725E1E4C90050CD08 /* HomeViewController.swift in Sources */ = {isa = PBXBuildFile; fileRef = FDBA4D5625E1E4C90050CD08 /* HomeViewController.swift */; };
		FDBA4D5A25E1E4E70050CD08 /* ImageSelectViewController.swift in Sources */ = {isa = PBXBuildFile; fileRef = FDBA4D5925E1E4E70050CD08 /* ImageSelectViewController.swift */; };
		FDBA4D5D25E1E4FE0050CD08 /* PostViewController.swift in Sources */ = {isa = PBXBuildFile; fileRef = FDBA4D5C25E1E4FE0050CD08 /* PostViewController.swift */; };
		FDBA4D6025E1E5120050CD08 /* SettingViewController.swift in Sources */ = {isa = PBXBuildFile; fileRef = FDBA4D5F25E1E5120050CD08 /* SettingViewController.swift */; };
/* End PBXBuildFile section */

/* Begin PBXFileReference section */
		03044F12685B8D2F5BBFC609 /* Pods_monastagram.framework */ = {isa = PBXFileReference; explicitFileType = wrapper.framework; includeInIndex = 0; path = Pods_monastagram.framework; sourceTree = BUILT_PRODUCTS_DIR; };
		7C4E0AA8512D3F04D9366481 /* Pods-monastagram.debug.xcconfig */ = {isa = PBXFileReference; includeInIndex = 1; lastKnownFileType = text.xcconfig; name = "Pods-monastagram.debug.xcconfig"; path = "Target Support Files/Pods-monastagram/Pods-monastagram.debug.xcconfig"; sourceTree = "<group>"; };
		E77D5B7A57B64280EC669D4A /* Pods-monastagram.release.xcconfig */ = {isa = PBXFileReference; includeInIndex = 1; lastKnownFileType = text.xcconfig; name = "Pods-monastagram.release.xcconfig"; path = "Target Support Files/Pods-monastagram/Pods-monastagram.release.xcconfig"; sourceTree = "<group>"; };
		FD6DE1CA25E1EEFD00481946 /* TabBarController.swift */ = {isa = PBXFileReference; lastKnownFileType = sourcecode.swift; path = TabBarController.swift; sourceTree = "<group>"; };
		FD6DE1CD25E1F46F00481946 /* GoogleService-Info.plist */ = {isa = PBXFileReference; fileEncoding = 4; lastKnownFileType = text.plist.xml; path = "GoogleService-Info.plist"; sourceTree = "<group>"; };
		FD6DE21C25E21D3000481946 /* Const.swift */ = {isa = PBXFileReference; lastKnownFileType = sourcecode.swift; path = Const.swift; sourceTree = "<group>"; };
		FD6DE21F25E21FAB00481946 /* PostDate.swift */ = {isa = PBXFileReference; lastKnownFileType = sourcecode.swift; path = PostDate.swift; sourceTree = "<group>"; };
		FD6DE22225E2204C00481946 /* PostTableViewCell.xib */ = {isa = PBXFileReference; fileEncoding = 4; lastKnownFileType = file.xib; path = PostTableViewCell.xib; sourceTree = "<group>"; };
		FD6DE22525E2207700481946 /* PostTableViewCell.swift */ = {isa = PBXFileReference; lastKnownFileType = sourcecode.swift; path = PostTableViewCell.swift; sourceTree = "<group>"; };
		FD6DE22C25E226CA00481946 /* MessageViewController.swift */ = {isa = PBXFileReference; lastKnownFileType = sourcecode.swift; path = MessageViewController.swift; sourceTree = "<group>"; };
		FDBA4D3925E1E2FF0050CD08 /* monastagram.app */ = {isa = PBXFileReference; explicitFileType = wrapper.application; includeInIndex = 0; path = monastagram.app; sourceTree = BUILT_PRODUCTS_DIR; };
		FDBA4D3C25E1E2FF0050CD08 /* AppDelegate.swift */ = {isa = PBXFileReference; lastKnownFileType = sourcecode.swift; path = AppDelegate.swift; sourceTree = "<group>"; };
		FDBA4D3E25E1E2FF0050CD08 /* SceneDelegate.swift */ = {isa = PBXFileReference; lastKnownFileType = sourcecode.swift; path = SceneDelegate.swift; sourceTree = "<group>"; };
		FDBA4D4325E1E2FF0050CD08 /* Base */ = {isa = PBXFileReference; lastKnownFileType = file.storyboard; name = Base; path = Base.lproj/Main.storyboard; sourceTree = "<group>"; };
		FDBA4D4525E1E2FF0050CD08 /* Assets.xcassets */ = {isa = PBXFileReference; lastKnownFileType = folder.assetcatalog; path = Assets.xcassets; sourceTree = "<group>"; };
		FDBA4D4825E1E2FF0050CD08 /* Base */ = {isa = PBXFileReference; lastKnownFileType = file.storyboard; name = Base; path = Base.lproj/LaunchScreen.storyboard; sourceTree = "<group>"; };
		FDBA4D4A25E1E2FF0050CD08 /* Info.plist */ = {isa = PBXFileReference; lastKnownFileType = text.plist.xml; path = Info.plist; sourceTree = "<group>"; };
		FDBA4D5325E1E4A90050CD08 /* LoginViewController.swift */ = {isa = PBXFileReference; lastKnownFileType = sourcecode.swift; path = LoginViewController.swift; sourceTree = "<group>"; };
		FDBA4D5625E1E4C90050CD08 /* HomeViewController.swift */ = {isa = PBXFileReference; lastKnownFileType = sourcecode.swift; path = HomeViewController.swift; sourceTree = "<group>"; };
		FDBA4D5925E1E4E70050CD08 /* ImageSelectViewController.swift */ = {isa = PBXFileReference; lastKnownFileType = sourcecode.swift; path = ImageSelectViewController.swift; sourceTree = "<group>"; };
		FDBA4D5C25E1E4FE0050CD08 /* PostViewController.swift */ = {isa = PBXFileReference; lastKnownFileType = sourcecode.swift; path = PostViewController.swift; sourceTree = "<group>"; };
		FDBA4D5F25E1E5120050CD08 /* SettingViewController.swift */ = {isa = PBXFileReference; lastKnownFileType = sourcecode.swift; path = SettingViewController.swift; sourceTree = "<group>"; };
/* End PBXFileReference section */

/* Begin PBXFrameworksBuildPhase section */
		FDBA4D3625E1E2FF0050CD08 /* Frameworks */ = {
			isa = PBXFrameworksBuildPhase;
			buildActionMask = 2147483647;
			files = (
				C977124521DE9A14C3F0E00C /* Pods_monastagram.framework in Frameworks */,
			);
			runOnlyForDeploymentPostprocessing = 0;
		};
/* End PBXFrameworksBuildPhase section */

/* Begin PBXGroup section */
		84B2D036836C11A0F2D566E9 /* Frameworks */ = {
			isa = PBXGroup;
			children = (
				03044F12685B8D2F5BBFC609 /* Pods_monastagram.framework */,
			);
			name = Frameworks;
			sourceTree = "<group>";
		};
		B74B7C69A4A2CE1797A33B15 /* Pods */ = {
			isa = PBXGroup;
			children = (
				7C4E0AA8512D3F04D9366481 /* Pods-monastagram.debug.xcconfig */,
				E77D5B7A57B64280EC669D4A /* Pods-monastagram.release.xcconfig */,
			);
			path = Pods;
			sourceTree = "<group>";
		};
		FDBA4D3025E1E2FE0050CD08 = {
			isa = PBXGroup;
			children = (
				FDBA4D3B25E1E2FF0050CD08 /* monastagram */,
				FDBA4D3A25E1E2FF0050CD08 /* Products */,
				B74B7C69A4A2CE1797A33B15 /* Pods */,
				84B2D036836C11A0F2D566E9 /* Frameworks */,
			);
			sourceTree = "<group>";
		};
		FDBA4D3A25E1E2FF0050CD08 /* Products */ = {
			isa = PBXGroup;
			children = (
				FDBA4D3925E1E2FF0050CD08 /* monastagram.app */,
			);
			name = Products;
			sourceTree = "<group>";
		};
		FDBA4D3B25E1E2FF0050CD08 /* monastagram */ = {
			isa = PBXGroup;
			children = (
				FDBA4D3C25E1E2FF0050CD08 /* AppDelegate.swift */,
				FD6DE22225E2204C00481946 /* PostTableViewCell.xib */,
				FD6DE22525E2207700481946 /* PostTableViewCell.swift */,
				FDBA4D5325E1E4A90050CD08 /* LoginViewController.swift */,
				FD6DE21C25E21D3000481946 /* Const.swift */,
				FDBA4D5625E1E4C90050CD08 /* HomeViewController.swift */,
				FDBA4D5925E1E4E70050CD08 /* ImageSelectViewController.swift */,
				FD6DE21F25E21FAB00481946 /* PostDate.swift */,
				FDBA4D5F25E1E5120050CD08 /* SettingViewController.swift */,
				FDBA4D5C25E1E4FE0050CD08 /* PostViewController.swift */,
				FDBA4D3E25E1E2FF0050CD08 /* SceneDelegate.swift */,
				FD6DE22C25E226CA00481946 /* MessageViewController.swift */,
				FD6DE1CA25E1EEFD00481946 /* TabBarController.swift */,
				FDBA4D4225E1E2FF0050CD08 /* Main.storyboard */,
				FDBA4D4525E1E2FF0050CD08 /* Assets.xcassets */,
				FDBA4D4725E1E2FF0050CD08 /* LaunchScreen.storyboard */,
				FDBA4D4A25E1E2FF0050CD08 /* Info.plist */,
				FD6DE1CD25E1F46F00481946 /* GoogleService-Info.plist */,
			);
			path = monastagram;
			sourceTree = "<group>";
		};
/* End PBXGroup section */

/* Begin PBXNativeTarget section */
		FDBA4D3825E1E2FF0050CD08 /* monastagram */ = {
			isa = PBXNativeTarget;
			buildConfigurationList = FDBA4D4D25E1E2FF0050CD08 /* Build configuration list for PBXNativeTarget "monastagram" */;
			buildPhases = (
				BC9D112DFFB39842F81D2B9B /* [CP] Check Pods Manifest.lock */,
				FDBA4D3525E1E2FF0050CD08 /* Sources */,
				FDBA4D3625E1E2FF0050CD08 /* Frameworks */,
				FDBA4D3725E1E2FF0050CD08 /* Resources */,
				22809FFE39821A4AB545559D /* [CP] Embed Pods Frameworks */,
			);
			buildRules = (
			);
			dependencies = (
			);
			name = monastagram;
			productName = monastagram;
			productReference = FDBA4D3925E1E2FF0050CD08 /* monastagram.app */;
			productType = "com.apple.product-type.application";
		};
/* End PBXNativeTarget section */

/* Begin PBXProject section */
		FDBA4D3125E1E2FE0050CD08 /* Project object */ = {
			isa = PBXProject;
			attributes = {
				LastSwiftUpdateCheck = 1240;
				LastUpgradeCheck = 1240;
				TargetAttributes = {
					FDBA4D3825E1E2FF0050CD08 = {
						CreatedOnToolsVersion = 12.4;
					};
				};
			};
			buildConfigurationList = FDBA4D3425E1E2FE0050CD08 /* Build configuration list for PBXProject "monastagram" */;
			compatibilityVersion = "Xcode 9.3";
			developmentRegion = en;
			hasScannedForEncodings = 0;
			knownRegions = (
				en,
				Base,
			);
			mainGroup = FDBA4D3025E1E2FE0050CD08;
			productRefGroup = FDBA4D3A25E1E2FF0050CD08 /* Products */;
			projectDirPath = "";
			projectRoot = "";
			targets = (
				FDBA4D3825E1E2FF0050CD08 /* monastagram */,
			);
		};
/* End PBXProject section */

/* Begin PBXResourcesBuildPhase section */
		FDBA4D3725E1E2FF0050CD08 /* Resources */ = {
			isa = PBXResourcesBuildPhase;
			buildActionMask = 2147483647;
			files = (
				FDBA4D4925E1E2FF0050CD08 /* LaunchScreen.storyboard in Resources */,
				FD6DE22325E2204C00481946 /* PostTableViewCell.xib in Resources */,
				FD6DE1CE25E1F46F00481946 /* GoogleService-Info.plist in Resources */,
				FDBA4D4625E1E2FF0050CD08 /* Assets.xcassets in Resources */,
				FDBA4D4425E1E2FF0050CD08 /* Main.storyboard in Resources */,
			);
			runOnlyForDeploymentPostprocessing = 0;
		};
/* End PBXResourcesBuildPhase section */

/* Begin PBXShellScriptBuildPhase section */
		22809FFE39821A4AB545559D /* [CP] Embed Pods Frameworks */ = {
			isa = PBXShellScriptBuildPhase;
			buildActionMask = 2147483647;
			files = (
			);
			inputFileListPaths = (
				"${PODS_ROOT}/Target Support Files/Pods-monastagram/Pods-monastagram-frameworks-${CONFIGURATION}-input-files.xcfilelist",
			);
			name = "[CP] Embed Pods Frameworks";
			outputFileListPaths = (
				"${PODS_ROOT}/Target Support Files/Pods-monastagram/Pods-monastagram-frameworks-${CONFIGURATION}-output-files.xcfilelist",
			);
			runOnlyForDeploymentPostprocessing = 0;
			shellPath = /bin/sh;
			shellScript = "\"${PODS_ROOT}/Target Support Files/Pods-monastagram/Pods-monastagram-frameworks.sh\"\n";
			showEnvVarsInLog = 0;
		};
		BC9D112DFFB39842F81D2B9B /* [CP] Check Pods Manifest.lock */ = {
			isa = PBXShellScriptBuildPhase;
			buildActionMask = 2147483647;
			files = (
			);
			inputFileListPaths = (
			);
			inputPaths = (
				"${PODS_PODFILE_DIR_PATH}/Podfile.lock",
				"${PODS_ROOT}/Manifest.lock",
			);
			name = "[CP] Check Pods Manifest.lock";
			outputFileListPaths = (
			);
			outputPaths = (
				"$(DERIVED_FILE_DIR)/Pods-monastagram-checkManifestLockResult.txt",
			);
			runOnlyForDeploymentPostprocessing = 0;
			shellPath = /bin/sh;
			shellScript = "diff \"${PODS_PODFILE_DIR_PATH}/Podfile.lock\" \"${PODS_ROOT}/Manifest.lock\" > /dev/null\nif [ $? != 0 ] ; then\n    # print error to STDERR\n    echo \"error: The sandbox is not in sync with the Podfile.lock. Run 'pod install' or update your CocoaPods installation.\" >&2\n    exit 1\nfi\n# This output is used by Xcode 'outputs' to avoid re-running this script phase.\necho \"SUCCESS\" > \"${SCRIPT_OUTPUT_FILE_0}\"\n";
			showEnvVarsInLog = 0;
		};
/* End PBXShellScriptBuildPhase section */

/* Begin PBXSourcesBuildPhase section */
		FDBA4D3525E1E2FF0050CD08 /* Sources */ = {
			isa = PBXSourcesBuildPhase;
			buildActionMask = 2147483647;
			files = (
				FD6DE22625E2207700481946 /* PostTableViewCell.swift in Sources */,
				FDBA4D5A25E1E4E70050CD08 /* ImageSelectViewController.swift in Sources */,
				FDBA4D5725E1E4C90050CD08 /* HomeViewController.swift in Sources */,
				FDBA4D5D25E1E4FE0050CD08 /* PostViewController.swift in Sources */,
				FDBA4D6025E1E5120050CD08 /* SettingViewController.swift in Sources */,
				FDBA4D5425E1E4A90050CD08 /* LoginViewController.swift in Sources */,
				FD6DE22025E21FAB00481946 /* PostDate.swift in Sources */,
				FDBA4D3D25E1E2FF0050CD08 /* AppDelegate.swift in Sources */,
				FD6DE1CB25E1EEFD00481946 /* TabBarController.swift in Sources */,
				FDBA4D3F25E1E2FF0050CD08 /* SceneDelegate.swift in Sources */,
				FD6DE22D25E226CA00481946 /* MessageViewController.swift in Sources */,
				FD6DE21D25E21D3000481946 /* Const.swift in Sources */,
			);
			runOnlyForDeploymentPostprocessing = 0;
		};
/* End PBXSourcesBuildPhase section */

/* Begin PBXVariantGroup section */
		FDBA4D4225E1E2FF0050CD08 /* Main.storyboard */ = {
			isa = PBXVariantGroup;
			children = (
				FDBA4D4325E1E2FF0050CD08 /* Base */,
			);
			name = Main.storyboard;
			sourceTree = "<group>";
		};
		FDBA4D4725E1E2FF0050CD08 /* LaunchScreen.storyboard */ = {
			isa = PBXVariantGroup;
			children = (
				FDBA4D4825E1E2FF0050CD08 /* Base */,
			);
			name = LaunchScreen.storyboard;
			sourceTree = "<group>";
		};
/* End PBXVariantGroup section */

/* Begin XCBuildConfiguration section */
		FDBA4D4B25E1E2FF0050CD08 /* Debug */ = {
			isa = XCBuildConfiguration;
			buildSettings = {
				ALWAYS_SEARCH_USER_PATHS = NO;
				CLANG_ANALYZER_NONNULL = YES;
				CLANG_ANALYZER_NUMBER_OBJECT_CONVERSION = YES_AGGRESSIVE;
				CLANG_CXX_LANGUAGE_STANDARD = "gnu++14";
				CLANG_CXX_LIBRARY = "libc++";
				CLANG_ENABLE_MODULES = YES;
				CLANG_ENABLE_OBJC_ARC = YES;
				CLANG_ENABLE_OBJC_WEAK = YES;
				CLANG_WARN_BLOCK_CAPTURE_AUTORELEASING = YES;
				CLANG_WARN_BOOL_CONVERSION = YES;
				CLANG_WARN_COMMA = YES;
				CLANG_WARN_CONSTANT_CONVERSION = YES;
				CLANG_WARN_DEPRECATED_OBJC_IMPLEMENTATIONS = YES;
				CLANG_WARN_DIRECT_OBJC_ISA_USAGE = YES_ERROR;
				CLANG_WARN_DOCUMENTATION_COMMENTS = YES;
				CLANG_WARN_EMPTY_BODY = YES;
				CLANG_WARN_ENUM_CONVERSION = YES;
				CLANG_WARN_INFINITE_RECURSION = YES;
				CLANG_WARN_INT_CONVERSION = YES;
				CLANG_WARN_NON_LITERAL_NULL_CONVERSION = YES;
				CLANG_WARN_OBJC_IMPLICIT_RETAIN_SELF = YES;
				CLANG_WARN_OBJC_LITERAL_CONVERSION = YES;
				CLANG_WARN_OBJC_ROOT_CLASS = YES_ERROR;
				CLANG_WARN_QUOTED_INCLUDE_IN_FRAMEWORK_HEADER = YES;
				CLANG_WARN_RANGE_LOOP_ANALYSIS = YES;
				CLANG_WARN_STRICT_PROTOTYPES = YES;
				CLANG_WARN_SUSPICIOUS_MOVE = YES;
				CLANG_WARN_UNGUARDED_AVAILABILITY = YES_AGGRESSIVE;
				CLANG_WARN_UNREACHABLE_CODE = YES;
				CLANG_WARN__DUPLICATE_METHOD_MATCH = YES;
				COPY_PHASE_STRIP = NO;
				DEBUG_INFORMATION_FORMAT = dwarf;
				ENABLE_STRICT_OBJC_MSGSEND = YES;
				ENABLE_TESTABILITY = YES;
				GCC_C_LANGUAGE_STANDARD = gnu11;
				GCC_DYNAMIC_NO_PIC = NO;
				GCC_NO_COMMON_BLOCKS = YES;
				GCC_OPTIMIZATION_LEVEL = 0;
				GCC_PREPROCESSOR_DEFINITIONS = (
					"DEBUG=1",
					"$(inherited)",
				);
				GCC_WARN_64_TO_32_BIT_CONVERSION = YES;
				GCC_WARN_ABOUT_RETURN_TYPE = YES_ERROR;
				GCC_WARN_UNDECLARED_SELECTOR = YES;
				GCC_WARN_UNINITIALIZED_AUTOS = YES_AGGRESSIVE;
				GCC_WARN_UNUSED_FUNCTION = YES;
				GCC_WARN_UNUSED_VARIABLE = YES;
				IPHONEOS_DEPLOYMENT_TARGET = 14.4;
				MTL_ENABLE_DEBUG_INFO = INCLUDE_SOURCE;
				MTL_FAST_MATH = YES;
				ONLY_ACTIVE_ARCH = YES;
				SDKROOT = iphoneos;
				SWIFT_ACTIVE_COMPILATION_CONDITIONS = DEBUG;
				SWIFT_OPTIMIZATION_LEVEL = "-Onone";
			};
			name = Debug;
		};
		FDBA4D4C25E1E2FF0050CD08 /* Release */ = {
			isa = XCBuildConfiguration;
			buildSettings = {
				ALWAYS_SEARCH_USER_PATHS = NO;
				CLANG_ANALYZER_NONNULL = YES;
				CLANG_ANALYZER_NUMBER_OBJECT_CONVERSION = YES_AGGRESSIVE;
				CLANG_CXX_LANGUAGE_STANDARD = "gnu++14";
				CLANG_CXX_LIBRARY = "libc++";
				CLANG_ENABLE_MODULES = YES;
				CLANG_ENABLE_OBJC_ARC = YES;
				CLANG_ENABLE_OBJC_WEAK = YES;
				CLANG_WARN_BLOCK_CAPTURE_AUTORELEASING = YES;
				CLANG_WARN_BOOL_CONVERSION = YES;
				CLANG_WARN_COMMA = YES;
				CLANG_WARN_CONSTANT_CONVERSION = YES;
				CLANG_WARN_DEPRECATED_OBJC_IMPLEMENTATIONS = YES;
				CLANG_WARN_DIRECT_OBJC_ISA_USAGE = YES_ERROR;
				CLANG_WARN_DOCUMENTATION_COMMENTS = YES;
				CLANG_WARN_EMPTY_BODY = YES;
				CLANG_WARN_ENUM_CONVERSION = YES;
				CLANG_WARN_INFINITE_RECURSION = YES;
				CLANG_WARN_INT_CONVERSION = YES;
				CLANG_WARN_NON_LITERAL_NULL_CONVERSION = YES;
				CLANG_WARN_OBJC_IMPLICIT_RETAIN_SELF = YES;
				CLANG_WARN_OBJC_LITERAL_CONVERSION = YES;
				CLANG_WARN_OBJC_ROOT_CLASS = YES_ERROR;
				CLANG_WARN_QUOTED_INCLUDE_IN_FRAMEWORK_HEADER = YES;
				CLANG_WARN_RANGE_LOOP_ANALYSIS = YES;
				CLANG_WARN_STRICT_PROTOTYPES = YES;
				CLANG_WARN_SUSPICIOUS_MOVE = YES;
				CLANG_WARN_UNGUARDED_AVAILABILITY = YES_AGGRESSIVE;
				CLANG_WARN_UNREACHABLE_CODE = YES;
				CLANG_WARN__DUPLICATE_METHOD_MATCH = YES;
				COPY_PHASE_STRIP = NO;
				DEBUG_INFORMATION_FORMAT = "dwarf-with-dsym";
				ENABLE_NS_ASSERTIONS = NO;
				ENABLE_STRICT_OBJC_MSGSEND = YES;
				GCC_C_LANGUAGE_STANDARD = gnu11;
				GCC_NO_COMMON_BLOCKS = YES;
				GCC_WARN_64_TO_32_BIT_CONVERSION = YES;
				GCC_WARN_ABOUT_RETURN_TYPE = YES_ERROR;
				GCC_WARN_UNDECLARED_SELECTOR = YES;
				GCC_WARN_UNINITIALIZED_AUTOS = YES_AGGRESSIVE;
				GCC_WARN_UNUSED_FUNCTION = YES;
				GCC_WARN_UNUSED_VARIABLE = YES;
				IPHONEOS_DEPLOYMENT_TARGET = 14.4;
				MTL_ENABLE_DEBUG_INFO = NO;
				MTL_FAST_MATH = YES;
				SDKROOT = iphoneos;
				SWIFT_COMPILATION_MODE = wholemodule;
				SWIFT_OPTIMIZATION_LEVEL = "-O";
				VALIDATE_PRODUCT = YES;
			};
			name = Release;
		};
		FDBA4D4E25E1E2FF0050CD08 /* Debug */ = {
			isa = XCBuildConfiguration;
			baseConfigurationReference = 7C4E0AA8512D3F04D9366481 /* Pods-monastagram.debug.xcconfig */;
			buildSettings = {
				ASSETCATALOG_COMPILER_APPICON_NAME = AppIcon;
				ASSETCATALOG_COMPILER_GLOBAL_ACCENT_COLOR_NAME = AccentColor;
				CODE_SIGN_STYLE = Automatic;
				DEVELOPMENT_TEAM = U2H4Y549P5;
				INFOPLIST_FILE = monastagram/Info.plist;
				LD_RUNPATH_SEARCH_PATHS = (
					"$(inherited)",
					"@executable_path/Frameworks",
				);
				PRODUCT_BUNDLE_IDENTIFIER = jp.techacademy.satoshi.nakamura.monastagram;
				PRODUCT_NAME = "$(TARGET_NAME)";
				SWIFT_VERSION = 5.0;
				TARGETED_DEVICE_FAMILY = 1;
			};
			name = Debug;
		};
		FDBA4D4F25E1E2FF0050CD08 /* Release */ = {
			isa = XCBuildConfiguration;
			baseConfigurationReference = E77D5B7A57B64280EC669D4A /* Pods-monastagram.release.xcconfig */;
			buildSettings = {
				ASSETCATALOG_COMPILER_APPICON_NAME = AppIcon;
				ASSETCATALOG_COMPILER_GLOBAL_ACCENT_COLOR_NAME = AccentColor;
				CODE_SIGN_STYLE = Automatic;
				DEVELOPMENT_TEAM = U2H4Y549P5;
				INFOPLIST_FILE = monastagram/Info.plist;
				LD_RUNPATH_SEARCH_PATHS = (
					"$(inherited)",
					"@executable_path/Frameworks",
				);
				PRODUCT_BUNDLE_IDENTIFIER = jp.techacademy.satoshi.nakamura.monastagram;
				PRODUCT_NAME = "$(TARGET_NAME)";
				SWIFT_VERSION = 5.0;
				TARGETED_DEVICE_FAMILY = 1;
			};
			name = Release;
		};
/* End XCBuildConfiguration section */

/* Begin XCConfigurationList section */
		FDBA4D3425E1E2FE0050CD08 /* Build configuration list for PBXProject "monastagram" */ = {
			isa = XCConfigurationList;
			buildConfigurations = (
				FDBA4D4B25E1E2FF0050CD08 /* Debug */,
				FDBA4D4C25E1E2FF0050CD08 /* Release */,
			);
			defaultConfigurationIsVisible = 0;
			defaultConfigurationName = Release;
		};
		FDBA4D4D25E1E2FF0050CD08 /* Build configuration list for PBXNativeTarget "monastagram" */ = {
			isa = XCConfigurationList;
			buildConfigurations = (
				FDBA4D4E25E1E2FF0050CD08 /* Debug */,
				FDBA4D4F25E1E2FF0050CD08 /* Release */,
			);
			defaultConfigurationIsVisible = 0;
			defaultConfigurationName = Release;
		};
/* End XCConfigurationList section */
	};
	rootObject = FDBA4D3125E1E2FE0050CD08 /* Project object */;
}
